// !$*UTF8*$!
{
	archiveVersion = 1;
	classes = {
	};
	objectVersion = 46;
	objects = {

/* Begin PBXBuildFile section */
		CB9556201E609EE50043D2A4 /* PlaySoundsViewController.swift in Sources */ = {isa = PBXBuildFile; fileRef = CB95561F1E609EE50043D2A4 /* PlaySoundsViewController.swift */; };
		CBD9512E1E54DC7400CE2781 /* AppDelegate.swift in Sources */ = {isa = PBXBuildFile; fileRef = CBD9512D1E54DC7400CE2781 /* AppDelegate.swift */; };
		CBD951301E54DC7400CE2781 /* RecordSoundsController.swift in Sources */ = {isa = PBXBuildFile; fileRef = CBD9512F1E54DC7400CE2781 /* RecordSoundsController.swift */; };
		CBD951331E54DC7400CE2781 /* Main.storyboard in Resources */ = {isa = PBXBuildFile; fileRef = CBD951311E54DC7400CE2781 /* Main.storyboard */; };
		CBD951351E54DC7400CE2781 /* Assets.xcassets in Resources */ = {isa = PBXBuildFile; fileRef = CBD951341E54DC7400CE2781 /* Assets.xcassets */; };
		CBD951381E54DC7400CE2781 /* LaunchScreen.storyboard in Resources */ = {isa = PBXBuildFile; fileRef = CBD951361E54DC7400CE2781 /* LaunchScreen.storyboard */; };
		CBFC0FFB1E66727D008245C6 /* PlaySoundsViewController+Audio.swift in Sources */ = {isa = PBXBuildFile; fileRef = CBFC0FFA1E66727D008245C6 /* PlaySoundsViewController+Audio.swift */; };
/* End PBXBuildFile section */

/* Begin PBXFileReference section */
		CB95561F1E609EE50043D2A4 /* PlaySoundsViewController.swift */ = {isa = PBXFileReference; fileEncoding = 4; lastKnownFileType = sourcecode.swift; path = PlaySoundsViewController.swift; sourceTree = "<group>"; };
		CBD9512A1E54DC7400CE2781 /* Pitch Perfect.app */ = {isa = PBXFileReference; explicitFileType = wrapper.application; includeInIndex = 0; path = "Pitch Perfect.app"; sourceTree = BUILT_PRODUCTS_DIR; };
		CBD9512D1E54DC7400CE2781 /* AppDelegate.swift */ = {isa = PBXFileReference; lastKnownFileType = sourcecode.swift; path = AppDelegate.swift; sourceTree = "<group>"; };
		CBD9512F1E54DC7400CE2781 /* RecordSoundsController.swift */ = {isa = PBXFileReference; lastKnownFileType = sourcecode.swift; path = RecordSoundsController.swift; sourceTree = "<group>"; };
		CBD951321E54DC7400CE2781 /* Base */ = {isa = PBXFileReference; lastKnownFileType = file.storyboard; name = Base; path = Base.lproj/Main.storyboard; sourceTree = "<group>"; };
		CBD951341E54DC7400CE2781 /* Assets.xcassets */ = {isa = PBXFileReference; lastKnownFileType = folder.assetcatalog; path = Assets.xcassets; sourceTree = "<group>"; };
		CBD951371E54DC7400CE2781 /* Base */ = {isa = PBXFileReference; lastKnownFileType = file.storyboard; name = Base; path = Base.lproj/LaunchScreen.storyboard; sourceTree = "<group>"; };
		CBD951391E54DC7400CE2781 /* Info.plist */ = {isa = PBXFileReference; lastKnownFileType = text.plist.xml; path = Info.plist; sourceTree = "<group>"; };
		CBFC0FFA1E66727D008245C6 /* PlaySoundsViewController+Audio.swift */ = {isa = PBXFileReference; fileEncoding = 4; lastKnownFileType = sourcecode.swift; path = "PlaySoundsViewController+Audio.swift"; sourceTree = "<group>"; };
/* End PBXFileReference section */

/* Begin PBXFrameworksBuildPhase section */
		CBD951271E54DC7400CE2781 /* Frameworks */ = {
			isa = PBXFrameworksBuildPhase;
			buildActionMask = 2147483647;
			files = (
			);
			runOnlyForDeploymentPostprocessing = 0;
		};
/* End PBXFrameworksBuildPhase section */

/* Begin PBXGroup section */
		CBD951211E54DC7400CE2781 = {
			isa = PBXGroup;
			children = (
				CBD9512C1E54DC7400CE2781 /* Pitch Perfect */,
				CBD9512B1E54DC7400CE2781 /* Products */,
			);
			sourceTree = "<group>";
		};
		CBD9512B1E54DC7400CE2781 /* Products */ = {
			isa = PBXGroup;
			children = (
				CBD9512A1E54DC7400CE2781 /* Pitch Perfect.app */,
			);
			name = Products;
			sourceTree = "<group>";
		};
		CBD9512C1E54DC7400CE2781 /* Pitch Perfect */ = {
			isa = PBXGroup;
			children = (
				CBD9512D1E54DC7400CE2781 /* AppDelegate.swift */,
				CBD9512F1E54DC7400CE2781 /* RecordSoundsController.swift */,
				CBD951311E54DC7400CE2781 /* Main.storyboard */,
				CBD951341E54DC7400CE2781 /* Assets.xcassets */,
				CBD951361E54DC7400CE2781 /* LaunchScreen.storyboard */,
				CBD951391E54DC7400CE2781 /* Info.plist */,
				CB95561F1E609EE50043D2A4 /* PlaySoundsViewController.swift */,
				CBFC0FFA1E66727D008245C6 /* PlaySoundsViewController+Audio.swift */,
			);
			path = "Pitch Perfect";
			sourceTree = "<group>";
		};
/* End PBXGroup section */

/* Begin PBXNativeTarget section */
		CBD951291E54DC7400CE2781 /* Pitch Perfect */ = {
			isa = PBXNativeTarget;
			buildConfigurationList = CBD9513C1E54DC7400CE2781 /* Build configuration list for PBXNativeTarget "Pitch Perfect" */;
			buildPhases = (
				CBD951261E54DC7400CE2781 /* Sources */,
				CBD951271E54DC7400CE2781 /* Frameworks */,
				CBD951281E54DC7400CE2781 /* Resources */,
			);
			buildRules = (
			);
			dependencies = (
			);
			name = "Pitch Perfect";
			productName = "Pitch Perfect";
			productReference = CBD9512A1E54DC7400CE2781 /* Pitch Perfect.app */;
			productType = "com.apple.product-type.application";
		};
/* End PBXNativeTarget section */

/* Begin PBXProject section */
		CBD951221E54DC7400CE2781 /* Project object */ = {
			isa = PBXProject;
			attributes = {
				LastSwiftUpdateCheck = 0800;
				LastUpgradeCheck = 0820;
				ORGANIZATIONNAME = "Tony Buckner";
				TargetAttributes = {
					CBD951291E54DC7400CE2781 = {
						CreatedOnToolsVersion = 8.0;
						DevelopmentTeam = KUTZ72V8TQ;
						ProvisioningStyle = Automatic;
					};
				};
			};
			buildConfigurationList = CBD951251E54DC7400CE2781 /* Build configuration list for PBXProject "Pitch Perfect" */;
			compatibilityVersion = "Xcode 3.2";
			developmentRegion = English;
			hasScannedForEncodings = 0;
			knownRegions = (
				en,
				Base,
			);
			mainGroup = CBD951211E54DC7400CE2781;
			productRefGroup = CBD9512B1E54DC7400CE2781 /* Products */;
			projectDirPath = "";
			projectRoot = "";
			targets = (
				CBD951291E54DC7400CE2781 /* Pitch Perfect */,
			);
		};
/* End PBXProject section */

/* Begin PBXResourcesBuildPhase section */
		CBD951281E54DC7400CE2781 /* Resources */ = {
			isa = PBXResourcesBuildPhase;
			buildActionMask = 2147483647;
			files = (
				CBD951381E54DC7400CE2781 /* LaunchScreen.storyboard in Resources */,
				CBD951351E54DC7400CE2781 /* Assets.xcassets in Resources */,
				CBD951331E54DC7400CE2781 /* Main.storyboard in Resources */,
			);
			runOnlyForDeploymentPostprocessing = 0;
		};
/* End PBXResourcesBuildPhase section */

/* Begin PBXSourcesBuildPhase section */
		CBD951261E54DC7400CE2781 /* Sources */ = {
			isa = PBXSourcesBuildPhase;
			buildActionMask = 2147483647;
			files = (
				CBD951301E54DC7400CE2781 /* RecordSoundsController.swift in Sources */,
				CBFC0FFB1E66727D008245C6 /* PlaySoundsViewController+Audio.swift in Sources */,
				CB9556201E609EE50043D2A4 /* PlaySoundsViewController.swift in Sources */,
				CBD9512E1E54DC7400CE2781 /* AppDelegate.swift in Sources */,
			);
			runOnlyForDeploymentPostprocessing = 0;
		};
/* End PBXSourcesBuildPhase section */

/* Begin PBXVariantGroup section */
		CBD951311E54DC7400CE2781 /* Main.storyboard */ = {
			isa = PBXVariantGroup;
			children = (
				CBD951321E54DC7400CE2781 /* Base */,
			);
			name = Main.storyboard;
			sourceTree = "<group>";
		};
		CBD951361E54DC7400CE2781 /* LaunchScreen.storyboard */ = {
			isa = PBXVariantGroup;
			children = (
				CBD951371E54DC7400CE2781 /* Base */,
			);
			name = LaunchScreen.storyboard;
			sourceTree = "<group>";
		};
/* End PBXVariantGroup section */

/* Begin XCBuildConfiguration section */
		CBD9513A1E54DC7400CE2781 /* Debug */ = {
			isa = XCBuildConfiguration;
			buildSettings = {
				ALWAYS_SEARCH_USER_PATHS = NO;
				CLANG_ANALYZER_NONNULL = YES;
				CLANG_CXX_LANGUAGE_STANDARD = "gnu++0x";
				CLANG_CXX_LIBRARY = "libc++";
				CLANG_ENABLE_MODULES = YES;
				CLANG_ENABLE_OBJC_ARC = YES;
				CLANG_WARN_BOOL_CONVERSION = YES;
				CLANG_WARN_CONSTANT_CONVERSION = YES;
				CLANG_WARN_DIRECT_OBJC_ISA_USAGE = YES_ERROR;
				CLANG_WARN_DOCUMENTATION_COMMENTS = YES;
				CLANG_WARN_EMPTY_BODY = YES;
				CLANG_WARN_ENUM_CONVERSION = YES;
				CLANG_WARN_INFINITE_RECURSION = YES;
				CLANG_WARN_INT_CONVERSION = YES;
				CLANG_WARN_OBJC_ROOT_CLASS = YES_ERROR;
				CLANG_WARN_SUSPICIOUS_MOVE = YES;
				CLANG_WARN_SUSPICIOUS_MOVES = YES;
				CLANG_WARN_UNREACHABLE_CODE = YES;
				CLANG_WARN__DUPLICATE_METHOD_MATCH = YES;
				"CODE_SIGN_IDENTITY[sdk=iphoneos*]" = "iPhone Developer";
				COPY_PHASE_STRIP = NO;
				DEBUG_INFORMATION_FORMAT = dwarf;
				ENABLE_STRICT_OBJC_MSGSEND = YES;
				ENABLE_TESTABILITY = YES;
				GCC_C_LANGUAGE_STANDARD = gnu99;
				GCC_DYNAMIC_NO_PIC = NO;
				GCC_NO_COMMON_BLOCKS = YES;
				GCC_OPTIMIZATION_LEVEL = 0;
				GCC_PREPROCESSOR_DEFINITIONS = (
					"DEBUG=1",
					"$(inherited)",
				);
				GCC_WARN_64_TO_32_BIT_CONVERSION = YES;
				GCC_WARN_ABOUT_RETURN_TYPE = YES_ERROR;
				GCC_WARN_UNDECLARED_SELECTOR = YES;
				GCC_WARN_UNINITIALIZED_AUTOS = YES_AGGRESSIVE;
				GCC_WARN_UNUSED_FUNCTION = YES;
				GCC_WARN_UNUSED_VARIABLE = YES;
				IPHONEOS_DEPLOYMENT_TARGET = 10.0;
				MTL_ENABLE_DEBUG_INFO = YES;
				ONLY_ACTIVE_ARCH = YES;
				SDKROOT = iphoneos;
				SWIFT_ACTIVE_COMPILATION_CONDITIONS = DEBUG;
				SWIFT_OPTIMIZATION_LEVEL = "-Onone";
				TARGETED_DEVICE_FAMILY = "1,2";
			};
			name = Debug;
		};
		CBD9513B1E54DC7400CE2781 /* Release */ = {
			isa = XCBuildConfiguration;
			buildSettings = {
				ALWAYS_SEARCH_USER_PATHS = NO;
				CLANG_ANALYZER_NONNULL = YES;
				CLANG_CXX_LANGUAGE_STANDARD = "gnu++0x";
				CLANG_CXX_LIBRARY = "libc++";
				CLANG_ENABLE_MODULES = YES;
				CLANG_ENABLE_OBJC_ARC = YES;
				CLANG_WARN_BOOL_CONVERSION = YES;
				CLANG_WARN_CONSTANT_CONVERSION = YES;
				CLANG_WARN_DIRECT_OBJC_ISA_USAGE = YES_ERROR;
				CLANG_WARN_DOCUMENTATION_COMMENTS = YES;
				CLANG_WARN_EMPTY_BODY = YES;
				CLANG_WARN_ENUM_CONVERSION = YES;
				CLANG_WARN_INFINITE_RECURSION = YES;
				CLANG_WARN_INT_CONVERSION = YES;
				CLANG_WARN_OBJC_ROOT_CLASS = YES_ERROR;
				CLANG_WARN_SUSPICIOUS_MOVE = YES;
				CLANG_WARN_SUSPICIOUS_MOVES = YES;
				CLANG_WARN_UNREACHABLE_CODE = YES;
				CLANG_WARN__DUPLICATE_METHOD_MATCH = YES;
				"CODE_SIGN_IDENTITY[sdk=iphoneos*]" = "iPhone Developer";
				COPY_PHASE_STRIP = NO;
				DEBUG_INFORMATION_FORMAT = "dwarf-with-dsym";
				ENABLE_NS_ASSERTIONS = NO;
				ENABLE_STRICT_OBJC_MSGSEND = YES;
				GCC_C_LANGUAGE_STANDARD = gnu99;
				GCC_NO_COMMON_BLOCKS = YES;
				GCC_WARN_64_TO_32_BIT_CONVERSION = YES;
				GCC_WARN_ABOUT_RETURN_TYPE = YES_ERROR;
				GCC_WARN_UNDECLARED_SELECTOR = YES;
				GCC_WARN_UNINITIALIZED_AUTOS = YES_AGGRESSIVE;
				GCC_WARN_UNUSED_FUNCTION = YES;
				GCC_WARN_UNUSED_VARIABLE = YES;
				IPHONEOS_DEPLOYMENT_TARGET = 10.0;
				MTL_ENABLE_DEBUG_INFO = NO;
				SDKROOT = iphoneos;
				SWIFT_OPTIMIZATION_LEVEL = "-Owholemodule";
				TARGETED_DEVICE_FAMILY = "1,2";
				VALIDATE_PRODUCT = YES;
			};
			name = Release;
		};
		CBD9513D1E54DC7400CE2781 /* Debug */ = {
			isa = XCBuildConfiguration;
			buildSettings = {
				ASSETCATALOG_COMPILER_APPICON_NAME = AppIcon;
				DEVELOPMENT_TEAM = KUTZ72V8TQ;
				INFOPLIST_FILE = "Pitch Perfect/Info.plist";
				LD_RUNPATH_SEARCH_PATHS = "$(inherited) @executable_path/Frameworks";
				PRODUCT_BUNDLE_IDENTIFIER = "com.udacity.Pitch-Perfect";
				PRODUCT_NAME = "$(TARGET_NAME)";
				SWIFT_VERSION = 3.0;
			};
			name = Debug;
		};
		CBD9513E1E54DC7400CE2781 /* Release */ = {
			isa = XCBuildConfiguration;
			buildSettings = {
				ASSETCATALOG_COMPILER_APPICON_NAME = AppIcon;
				DEVELOPMENT_TEAM = KUTZ72V8TQ;
				INFOPLIST_FILE = "Pitch Perfect/Info.plist";
				LD_RUNPATH_SEARCH_PATHS = "$(inherited) @executable_path/Frameworks";
				PRODUCT_BUNDLE_IDENTIFIER = "com.udacity.Pitch-Perfect";
				PRODUCT_NAME = "$(TARGET_NAME)";
				SWIFT_VERSION = 3.0;
			};
			name = Release;
		};
/* End XCBuildConfiguration section */

/* Begin XCConfigurationList section */
		CBD951251E54DC7400CE2781 /* Build configuration list for PBXProject "Pitch Perfect" */ = {
			isa = XCConfigurationList;
			buildConfigurations = (
				CBD9513A1E54DC7400CE2781 /* Debug */,
				CBD9513B1E54DC7400CE2781 /* Release */,
			);
			defaultConfigurationIsVisible = 0;
			defaultConfigurationName = Release;
		};
		CBD9513C1E54DC7400CE2781 /* Build configuration list for PBXNativeTarget "Pitch Perfect" */ = {
			isa = XCConfigurationList;
			buildConfigurations = (
				CBD9513D1E54DC7400CE2781 /* Debug */,
				CBD9513E1E54DC7400CE2781 /* Release */,
			);
			defaultConfigurationIsVisible = 0;
			defaultConfigurationName = Release;
		};
/* End XCConfigurationList section */
	};
	rootObject = CBD951221E54DC7400CE2781 /* Project object */;
}
